// !$*UTF8*$!
{
	archiveVersion = 1;
	classes = {
	};
	objectVersion = 51;
	objects = {

/* Begin PBXBuildFile section */
		01236ED22595D23A00B162C7 /* HomeFeedVC.swift in Sources */ = {isa = PBXBuildFile; fileRef = 01236ED12595D23A00B162C7 /* HomeFeedVC.swift */; };
		01236ED72595ECF300B162C7 /* customImageView.swift in Sources */ = {isa = PBXBuildFile; fileRef = 01236ED62595ECF300B162C7 /* customImageView.swift */; };
		012FB3D825948E570076ECCA /* ConfirmationVC.swift in Sources */ = {isa = PBXBuildFile; fileRef = 012FB3D725948E570076ECCA /* ConfirmationVC.swift */; };
		0130262D2596B6130096D62A /* MainFeedTableViewCell.swift in Sources */ = {isa = PBXBuildFile; fileRef = 0130262C2596B6130096D62A /* MainFeedTableViewCell.swift */; };
		013026342596D4770096D62A /* OGPost.swift in Sources */ = {isa = PBXBuildFile; fileRef = 013026332596D4770096D62A /* OGPost.swift */; };
		0130265F259720760096D62A /* PlayerController.swift in Sources */ = {isa = PBXBuildFile; fileRef = 0130265D259720760096D62A /* PlayerController.swift */; };
		01302660259720760096D62A /* PlayerControllerManager.swift in Sources */ = {isa = PBXBuildFile; fileRef = 0130265E259720760096D62A /* PlayerControllerManager.swift */; };
		01302663259738B80096D62A /* ThumbnailManager.swift in Sources */ = {isa = PBXBuildFile; fileRef = 01302662259738B80096D62A /* ThumbnailManager.swift */; };
		013096582593FE3E00720A8A /* AppDelegate.swift in Sources */ = {isa = PBXBuildFile; fileRef = 013096572593FE3E00720A8A /* AppDelegate.swift */; };
		0130965A2593FE3E00720A8A /* SceneDelegate.swift in Sources */ = {isa = PBXBuildFile; fileRef = 013096592593FE3E00720A8A /* SceneDelegate.swift */; };
		0130965C2593FE3E00720A8A /* LoginVC.swift in Sources */ = {isa = PBXBuildFile; fileRef = 0130965B2593FE3E00720A8A /* LoginVC.swift */; };
		0130965F2593FE3E00720A8A /* Main.storyboard in Resources */ = {isa = PBXBuildFile; fileRef = 0130965D2593FE3E00720A8A /* Main.storyboard */; };
		013096622593FE3E00720A8A /* ToggleDev2.xcdatamodeld in Sources */ = {isa = PBXBuildFile; fileRef = 013096602593FE3E00720A8A /* ToggleDev2.xcdatamodeld */; };
		013096642593FE3F00720A8A /* Assets.xcassets in Resources */ = {isa = PBXBuildFile; fileRef = 013096632593FE3F00720A8A /* Assets.xcassets */; };
		013096672593FE3F00720A8A /* LaunchScreen.storyboard in Resources */ = {isa = PBXBuildFile; fileRef = 013096652593FE3F00720A8A /* LaunchScreen.storyboard */; };
		01309674259413BA00720A8A /* customButtons.swift in Sources */ = {isa = PBXBuildFile; fileRef = 01309673259413BA00720A8A /* customButtons.swift */; };
		0130967C259419F100720A8A /* CustomTextField.swift in Sources */ = {isa = PBXBuildFile; fileRef = 0130967B259419F100720A8A /* CustomTextField.swift */; };
		013096AC25943AB500720A8A /* SignUpVC.swift in Sources */ = {isa = PBXBuildFile; fileRef = 013096AB25943AB500720A8A /* SignUpVC.swift */; };
		018D7D4D259A92BD002F5E83 /* CommentsVC.swift in Sources */ = {isa = PBXBuildFile; fileRef = 018D7D4C259A92BD002F5E83 /* CommentsVC.swift */; };
		01F5F971259A7F5D00871E16 /* OGComment.swift in Sources */ = {isa = PBXBuildFile; fileRef = 01F5F970259A7F5D00871E16 /* OGComment.swift */; };
		01F5F982259A887D00871E16 /* CommentTableViewCell.swift in Sources */ = {isa = PBXBuildFile; fileRef = 01F5F981259A887D00871E16 /* CommentTableViewCell.swift */; };
		0C64924766AD452C8EBE78C4 /* Comment.swift in Sources */ = {isa = PBXBuildFile; fileRef = 048E265C20374523BBA01FB9 /* Comment.swift */; };
		1A84DF692E3B456DA23A5810 /* Comment+Schema.swift in Sources */ = {isa = PBXBuildFile; fileRef = 561489E5EAA341C0BEA21CB1 /* Comment+Schema.swift */; };
		2196536075F038BBB4B39D64 /* Pods_ToggleDev2.framework in Frameworks */ = {isa = PBXBuildFile; fileRef = 98E37636BF2D54C62FC26470 /* Pods_ToggleDev2.framework */; };
		23D79DDA259B16C800EB0DFF /* SessionManager.swift in Sources */ = {isa = PBXBuildFile; fileRef = 23D79DD9259B16C800EB0DFF /* SessionManager.swift */; };
		23D79DDE259B175E00EB0DFF /* currentSessionInfo.swift in Sources */ = {isa = PBXBuildFile; fileRef = 23D79DDD259B175E00EB0DFF /* currentSessionInfo.swift */; };
		23D79DE1259B179400EB0DFF /* listenToSessionUpdates.swift in Sources */ = {isa = PBXBuildFile; fileRef = 23D79DE0259B179400EB0DFF /* listenToSessionUpdates.swift */; };
		23D79DE4259B17F100EB0DFF /* PasswordManagement.swift in Sources */ = {isa = PBXBuildFile; fileRef = 23D79DE3259B17F100EB0DFF /* PasswordManagement.swift */; };
		23D79DEB259B280B00EB0DFF /* ImagePickerVC.swift in Sources */ = {isa = PBXBuildFile; fileRef = 23D79DEA259B280B00EB0DFF /* ImagePickerVC.swift */; };
		290AD8C5C3764B4AAE963413 /* amplifyconfiguration.json in Resources */ = {isa = PBXBuildFile; fileRef = 2F313055FCD54D79B9D3CF83 /* amplifyconfiguration.json */; };
		7F2BB7D4872545B2989EBD17 /* Post.swift in Sources */ = {isa = PBXBuildFile; fileRef = E6D6B6B63F024DA08B950332 /* Post.swift */; };
		80B8FF4C0F1942BEA0FB4D3A /* awsconfiguration.json in Resources */ = {isa = PBXBuildFile; fileRef = 554599FDA8C541C2907DAC4B /* awsconfiguration.json */; };
		99C61316E5174C6FAF42E251 /* AmplifyModels.swift in Sources */ = {isa = PBXBuildFile; fileRef = 6C4FD96398ED4492BD65A48E /* AmplifyModels.swift */; };
		9DA6BA2B243C48C9B4CE958E /* Post+Schema.swift in Sources */ = {isa = PBXBuildFile; fileRef = E15EF0E2950C4844B8D30DF2 /* Post+Schema.swift */; };
/* End PBXBuildFile section */

/* Begin PBXFileReference section */
		01236ED12595D23A00B162C7 /* HomeFeedVC.swift */ = {isa = PBXFileReference; lastKnownFileType = sourcecode.swift; path = HomeFeedVC.swift; sourceTree = "<group>"; };
		01236ED62595ECF300B162C7 /* customImageView.swift */ = {isa = PBXFileReference; lastKnownFileType = sourcecode.swift; path = customImageView.swift; sourceTree = "<group>"; };
		012FB3D725948E570076ECCA /* ConfirmationVC.swift */ = {isa = PBXFileReference; lastKnownFileType = sourcecode.swift; path = ConfirmationVC.swift; sourceTree = "<group>"; };
		0130262C2596B6130096D62A /* MainFeedTableViewCell.swift */ = {isa = PBXFileReference; lastKnownFileType = sourcecode.swift; path = MainFeedTableViewCell.swift; sourceTree = "<group>"; };
		013026332596D4770096D62A /* OGPost.swift */ = {isa = PBXFileReference; lastKnownFileType = sourcecode.swift; path = OGPost.swift; sourceTree = "<group>"; };
		0130265D259720760096D62A /* PlayerController.swift */ = {isa = PBXFileReference; fileEncoding = 4; lastKnownFileType = sourcecode.swift; path = PlayerController.swift; sourceTree = "<group>"; };
		0130265E259720760096D62A /* PlayerControllerManager.swift */ = {isa = PBXFileReference; fileEncoding = 4; lastKnownFileType = sourcecode.swift; path = PlayerControllerManager.swift; sourceTree = "<group>"; };
		01302662259738B80096D62A /* ThumbnailManager.swift */ = {isa = PBXFileReference; lastKnownFileType = sourcecode.swift; path = ThumbnailManager.swift; sourceTree = "<group>"; };
		013096542593FE3E00720A8A /* ToggleDev2.app */ = {isa = PBXFileReference; explicitFileType = wrapper.application; includeInIndex = 0; path = ToggleDev2.app; sourceTree = BUILT_PRODUCTS_DIR; };
		013096572593FE3E00720A8A /* AppDelegate.swift */ = {isa = PBXFileReference; lastKnownFileType = sourcecode.swift; path = AppDelegate.swift; sourceTree = "<group>"; };
		013096592593FE3E00720A8A /* SceneDelegate.swift */ = {isa = PBXFileReference; lastKnownFileType = sourcecode.swift; path = SceneDelegate.swift; sourceTree = "<group>"; };
		0130965B2593FE3E00720A8A /* LoginVC.swift */ = {isa = PBXFileReference; lastKnownFileType = sourcecode.swift; path = LoginVC.swift; sourceTree = "<group>"; };
		0130965E2593FE3E00720A8A /* Base */ = {isa = PBXFileReference; lastKnownFileType = file.storyboard; name = Base; path = Base.lproj/Main.storyboard; sourceTree = "<group>"; };
		013096612593FE3E00720A8A /* ToggleDev2.xcdatamodel */ = {isa = PBXFileReference; lastKnownFileType = wrapper.xcdatamodel; path = ToggleDev2.xcdatamodel; sourceTree = "<group>"; };
		013096632593FE3F00720A8A /* Assets.xcassets */ = {isa = PBXFileReference; lastKnownFileType = folder.assetcatalog; path = Assets.xcassets; sourceTree = "<group>"; };
		013096662593FE3F00720A8A /* Base */ = {isa = PBXFileReference; lastKnownFileType = file.storyboard; name = Base; path = Base.lproj/LaunchScreen.storyboard; sourceTree = "<group>"; };
		013096682593FE3F00720A8A /* Info.plist */ = {isa = PBXFileReference; lastKnownFileType = text.plist.xml; path = Info.plist; sourceTree = "<group>"; };
		01309673259413BA00720A8A /* customButtons.swift */ = {isa = PBXFileReference; lastKnownFileType = sourcecode.swift; path = customButtons.swift; sourceTree = "<group>"; };
		0130967B259419F100720A8A /* CustomTextField.swift */ = {isa = PBXFileReference; lastKnownFileType = sourcecode.swift; path = CustomTextField.swift; sourceTree = "<group>"; };
		013096AB25943AB500720A8A /* SignUpVC.swift */ = {isa = PBXFileReference; lastKnownFileType = sourcecode.swift; path = SignUpVC.swift; sourceTree = "<group>"; };
		018D7D4C259A92BD002F5E83 /* CommentsVC.swift */ = {isa = PBXFileReference; lastKnownFileType = sourcecode.swift; path = CommentsVC.swift; sourceTree = "<group>"; };
		01F5F970259A7F5D00871E16 /* OGComment.swift */ = {isa = PBXFileReference; lastKnownFileType = sourcecode.swift; path = OGComment.swift; sourceTree = "<group>"; };
		01F5F981259A887D00871E16 /* CommentTableViewCell.swift */ = {isa = PBXFileReference; lastKnownFileType = sourcecode.swift; path = CommentTableViewCell.swift; sourceTree = "<group>"; };
		048E265C20374523BBA01FB9 /* Comment.swift */ = {isa = PBXFileReference; explicitFileType = undefined; fileEncoding = 4; includeInIndex = 0; lastKnownFileType = sourcecode.swift; name = Comment.swift; path = amplify/generated/models/Comment.swift; sourceTree = "<group>"; };
		23D79DD9259B16C800EB0DFF /* SessionManager.swift */ = {isa = PBXFileReference; lastKnownFileType = sourcecode.swift; path = SessionManager.swift; sourceTree = "<group>"; };
		23D79DDD259B175E00EB0DFF /* currentSessionInfo.swift */ = {isa = PBXFileReference; lastKnownFileType = sourcecode.swift; path = currentSessionInfo.swift; sourceTree = "<group>"; };
		23D79DE0259B179400EB0DFF /* listenToSessionUpdates.swift */ = {isa = PBXFileReference; lastKnownFileType = sourcecode.swift; path = listenToSessionUpdates.swift; sourceTree = "<group>"; };
		23D79DE3259B17F100EB0DFF /* PasswordManagement.swift */ = {isa = PBXFileReference; lastKnownFileType = sourcecode.swift; path = PasswordManagement.swift; sourceTree = "<group>"; };
		23D79DEA259B280B00EB0DFF /* ImagePickerVC.swift */ = {isa = PBXFileReference; lastKnownFileType = sourcecode.swift; path = ImagePickerVC.swift; sourceTree = "<group>"; };
		28449537645F4A64A77ABFF7 /* amplifytools.xcconfig */ = {isa = PBXFileReference; explicitFileType = undefined; fileEncoding = 4; includeInIndex = 0; lastKnownFileType = text.xcconfig; path = amplifytools.xcconfig; sourceTree = "<group>"; };
		2C31BD64835343F9A0912DC4 /* schema.graphql */ = {isa = PBXFileReference; explicitFileType = undefined; fileEncoding = 4; includeInIndex = 0; lastKnownFileType = text; name = schema.graphql; path = amplify/backend/api/togdev2/schema.graphql; sourceTree = "<group>"; };
		2F313055FCD54D79B9D3CF83 /* amplifyconfiguration.json */ = {isa = PBXFileReference; explicitFileType = undefined; fileEncoding = 9; includeInIndex = 0; lastKnownFileType = unknown; path = amplifyconfiguration.json; sourceTree = "<group>"; };
		554599FDA8C541C2907DAC4B /* awsconfiguration.json */ = {isa = PBXFileReference; explicitFileType = undefined; fileEncoding = 9; includeInIndex = 0; lastKnownFileType = unknown; path = awsconfiguration.json; sourceTree = "<group>"; };
		561489E5EAA341C0BEA21CB1 /* Comment+Schema.swift */ = {isa = PBXFileReference; explicitFileType = undefined; fileEncoding = 4; includeInIndex = 0; lastKnownFileType = sourcecode.swift; name = "Comment+Schema.swift"; path = "amplify/generated/models/Comment+Schema.swift"; sourceTree = "<group>"; };
		6C4FD96398ED4492BD65A48E /* AmplifyModels.swift */ = {isa = PBXFileReference; explicitFileType = undefined; fileEncoding = 4; includeInIndex = 0; lastKnownFileType = sourcecode.swift; name = AmplifyModels.swift; path = amplify/generated/models/AmplifyModels.swift; sourceTree = "<group>"; };
		98E37636BF2D54C62FC26470 /* Pods_ToggleDev2.framework */ = {isa = PBXFileReference; explicitFileType = wrapper.framework; includeInIndex = 0; path = Pods_ToggleDev2.framework; sourceTree = BUILT_PRODUCTS_DIR; };
		9DFB2A84BCC8555BE662DA9A /* Pods-ToggleDev2.release.xcconfig */ = {isa = PBXFileReference; includeInIndex = 1; lastKnownFileType = text.xcconfig; name = "Pods-ToggleDev2.release.xcconfig"; path = "Target Support Files/Pods-ToggleDev2/Pods-ToggleDev2.release.xcconfig"; sourceTree = "<group>"; };
		9F2DCEE82F5149FF1BF9D655 /* Pods-ToggleDev2.debug.xcconfig */ = {isa = PBXFileReference; includeInIndex = 1; lastKnownFileType = text.xcconfig; name = "Pods-ToggleDev2.debug.xcconfig"; path = "Target Support Files/Pods-ToggleDev2/Pods-ToggleDev2.debug.xcconfig"; sourceTree = "<group>"; };
		E15EF0E2950C4844B8D30DF2 /* Post+Schema.swift */ = {isa = PBXFileReference; explicitFileType = undefined; fileEncoding = 4; includeInIndex = 0; lastKnownFileType = sourcecode.swift; name = "Post+Schema.swift"; path = "amplify/generated/models/Post+Schema.swift"; sourceTree = "<group>"; };
		E6D6B6B63F024DA08B950332 /* Post.swift */ = {isa = PBXFileReference; explicitFileType = undefined; fileEncoding = 4; includeInIndex = 0; lastKnownFileType = sourcecode.swift; name = Post.swift; path = amplify/generated/models/Post.swift; sourceTree = "<group>"; };
/* End PBXFileReference section */

/* Begin PBXFrameworksBuildPhase section */
		013096512593FE3E00720A8A /* Frameworks */ = {
			isa = PBXFrameworksBuildPhase;
			buildActionMask = 2147483647;
			files = (
				2196536075F038BBB4B39D64 /* Pods_ToggleDev2.framework in Frameworks */,
			);
			runOnlyForDeploymentPostprocessing = 0;
		};
/* End PBXFrameworksBuildPhase section */

/* Begin PBXGroup section */
		0130265C259720210096D62A /* MainFeedVideoPlayers */ = {
			isa = PBXGroup;
			children = (
				0130265D259720760096D62A /* PlayerController.swift */,
				0130265E259720760096D62A /* PlayerControllerManager.swift */,
				01302662259738B80096D62A /* ThumbnailManager.swift */,
			);
			path = MainFeedVideoPlayers;
			sourceTree = "<group>";
		};
		0130964B2593FE3E00720A8A = {
			isa = PBXGroup;
			children = (
				264F0CBF17FB4981AC20F146 /* AmplifyModels */,
				1CEAD466D18041A5A7F01B45 /* AmplifyConfig */,
				013096562593FE3E00720A8A /* ToggleDev2 */,
				013096552593FE3E00720A8A /* Products */,
				3916B45BDCD38AE23CC6F090 /* Pods */,
				34A9E24BBE196906345205B1 /* Frameworks */,
			);
			sourceTree = "<group>";
		};
		013096552593FE3E00720A8A /* Products */ = {
			isa = PBXGroup;
			children = (
				013096542593FE3E00720A8A /* ToggleDev2.app */,
			);
			name = Products;
			sourceTree = "<group>";
		};
		013096562593FE3E00720A8A /* ToggleDev2 */ = {
			isa = PBXGroup;
			children = (
				013096722594135800720A8A /* App */,
				0130966F2594133B00720A8A /* Model */,
				013096702594133F00720A8A /* View */,
				013096712594134300720A8A /* Controller */,
				013096632593FE3F00720A8A /* Assets.xcassets */,
				013096682593FE3F00720A8A /* Info.plist */,
				013096602593FE3E00720A8A /* ToggleDev2.xcdatamodeld */,
			);
			path = ToggleDev2;
			sourceTree = "<group>";
		};
		0130966F2594133B00720A8A /* Model */ = {
			isa = PBXGroup;
			children = (
				0130265C259720210096D62A /* MainFeedVideoPlayers */,
				013026332596D4770096D62A /* OGPost.swift */,
				01F5F970259A7F5D00871E16 /* OGComment.swift */,
			);
			path = Model;
			sourceTree = "<group>";
		};
		013096702594133F00720A8A /* View */ = {
			isa = PBXGroup;
			children = (
				0130262C2596B6130096D62A /* MainFeedTableViewCell.swift */,
				01F5F981259A887D00871E16 /* CommentTableViewCell.swift */,
				0130965D2593FE3E00720A8A /* Main.storyboard */,
				013096652593FE3F00720A8A /* LaunchScreen.storyboard */,
				01309673259413BA00720A8A /* customButtons.swift */,
				0130967B259419F100720A8A /* CustomTextField.swift */,
				01236ED62595ECF300B162C7 /* customImageView.swift */,
			);
			path = View;
			sourceTree = "<group>";
		};
		013096712594134300720A8A /* Controller */ = {
			isa = PBXGroup;
			children = (
				23D79DD8259B168100EB0DFF /* Authentication */,
				013096AB25943AB500720A8A /* SignUpVC.swift */,
				23D79DEA259B280B00EB0DFF /* ImagePickerVC.swift */,
				0130965B2593FE3E00720A8A /* LoginVC.swift */,
				012FB3D725948E570076ECCA /* ConfirmationVC.swift */,
				01236ED12595D23A00B162C7 /* HomeFeedVC.swift */,
				018D7D4C259A92BD002F5E83 /* CommentsVC.swift */,
			);
			path = Controller;
			sourceTree = "<group>";
		};
		013096722594135800720A8A /* App */ = {
			isa = PBXGroup;
			children = (
				013096572593FE3E00720A8A /* AppDelegate.swift */,
				013096592593FE3E00720A8A /* SceneDelegate.swift */,
			);
			path = App;
			sourceTree = "<group>";
		};
		1CEAD466D18041A5A7F01B45 /* AmplifyConfig */ = {
			isa = PBXGroup;
			children = (
				28449537645F4A64A77ABFF7 /* amplifytools.xcconfig */,
				2F313055FCD54D79B9D3CF83 /* amplifyconfiguration.json */,
				554599FDA8C541C2907DAC4B /* awsconfiguration.json */,
				2C31BD64835343F9A0912DC4 /* schema.graphql */,
			);
			name = AmplifyConfig;
			path = .;
			sourceTree = "<group>";
		};
		23D79DD8259B168100EB0DFF /* Authentication */ = {
			isa = PBXGroup;
			children = (
				23D79DD9259B16C800EB0DFF /* SessionManager.swift */,
				23D79DDD259B175E00EB0DFF /* currentSessionInfo.swift */,
				23D79DE0259B179400EB0DFF /* listenToSessionUpdates.swift */,
				23D79DE3259B17F100EB0DFF /* PasswordManagement.swift */,
			);
			path = Authentication;
			sourceTree = "<group>";
		};
		264F0CBF17FB4981AC20F146 /* AmplifyModels */ = {
			isa = PBXGroup;
			children = (
				6C4FD96398ED4492BD65A48E /* AmplifyModels.swift */,
				048E265C20374523BBA01FB9 /* Comment.swift */,
				561489E5EAA341C0BEA21CB1 /* Comment+Schema.swift */,
				E6D6B6B63F024DA08B950332 /* Post.swift */,
				E15EF0E2950C4844B8D30DF2 /* Post+Schema.swift */,
			);
			name = AmplifyModels;
			path = .;
			sourceTree = "<group>";
		};
		34A9E24BBE196906345205B1 /* Frameworks */ = {
			isa = PBXGroup;
			children = (
				98E37636BF2D54C62FC26470 /* Pods_ToggleDev2.framework */,
			);
			name = Frameworks;
			sourceTree = "<group>";
		};
		3916B45BDCD38AE23CC6F090 /* Pods */ = {
			isa = PBXGroup;
			children = (
				9F2DCEE82F5149FF1BF9D655 /* Pods-ToggleDev2.debug.xcconfig */,
				9DFB2A84BCC8555BE662DA9A /* Pods-ToggleDev2.release.xcconfig */,
			);
			path = Pods;
			sourceTree = "<group>";
		};
/* End PBXGroup section */

/* Begin PBXNativeTarget section */
		013096532593FE3E00720A8A /* ToggleDev2 */ = {
			isa = PBXNativeTarget;
			buildConfigurationList = 0130966B2593FE3F00720A8A /* Build configuration list for PBXNativeTarget "ToggleDev2" */;
			buildPhases = (
				31BD119926EC2066CD47622C /* [CP] Check Pods Manifest.lock */,
				013096502593FE3E00720A8A /* Sources */,
				013096512593FE3E00720A8A /* Frameworks */,
				013096522593FE3E00720A8A /* Resources */,
				F52B1D23AD50A1942181AC7B /* [CP] Embed Pods Frameworks */,
			);
			buildRules = (
			);
			dependencies = (
			);
			name = ToggleDev2;
			productName = ToggleDev2;
			productReference = 013096542593FE3E00720A8A /* ToggleDev2.app */;
			productType = "com.apple.product-type.application";
		};
/* End PBXNativeTarget section */

/* Begin PBXProject section */
		0130964C2593FE3E00720A8A /* Project object */ = {
			isa = PBXProject;
			attributes = {
				LastSwiftUpdateCheck = 1230;
				LastUpgradeCheck = 1230;
				TargetAttributes = {
					013096532593FE3E00720A8A = {
						CreatedOnToolsVersion = 12.3;
					};
				};
			};
			buildConfigurationList = 0130964F2593FE3E00720A8A /* Build configuration list for PBXProject "ToggleDev2" */;
			compatibilityVersion = "Xcode 9.3";
			developmentRegion = en;
			hasScannedForEncodings = 0;
			knownRegions = (
				en,
				Base,
			);
			mainGroup = 0130964B2593FE3E00720A8A;
			productRefGroup = 013096552593FE3E00720A8A /* Products */;
			projectDirPath = "";
			projectRoot = "";
			targets = (
				013096532593FE3E00720A8A /* ToggleDev2 */,
			);
		};
/* End PBXProject section */

/* Begin PBXResourcesBuildPhase section */
		013096522593FE3E00720A8A /* Resources */ = {
			isa = PBXResourcesBuildPhase;
			buildActionMask = 2147483647;
			files = (
				013096672593FE3F00720A8A /* LaunchScreen.storyboard in Resources */,
				013096642593FE3F00720A8A /* Assets.xcassets in Resources */,
				0130965F2593FE3E00720A8A /* Main.storyboard in Resources */,
				290AD8C5C3764B4AAE963413 /* amplifyconfiguration.json in Resources */,
				80B8FF4C0F1942BEA0FB4D3A /* awsconfiguration.json in Resources */,
			);
			runOnlyForDeploymentPostprocessing = 0;
		};
/* End PBXResourcesBuildPhase section */

/* Begin PBXShellScriptBuildPhase section */
		31BD119926EC2066CD47622C /* [CP] Check Pods Manifest.lock */ = {
			isa = PBXShellScriptBuildPhase;
			buildActionMask = 2147483647;
			files = (
			);
			inputFileListPaths = (
			);
			inputPaths = (
				"${PODS_PODFILE_DIR_PATH}/Podfile.lock",
				"${PODS_ROOT}/Manifest.lock",
			);
			name = "[CP] Check Pods Manifest.lock";
			outputFileListPaths = (
			);
			outputPaths = (
				"$(DERIVED_FILE_DIR)/Pods-ToggleDev2-checkManifestLockResult.txt",
			);
			runOnlyForDeploymentPostprocessing = 0;
			shellPath = /bin/sh;
			shellScript = "diff \"${PODS_PODFILE_DIR_PATH}/Podfile.lock\" \"${PODS_ROOT}/Manifest.lock\" > /dev/null\nif [ $? != 0 ] ; then\n    # print error to STDERR\n    echo \"error: The sandbox is not in sync with the Podfile.lock. Run 'pod install' or update your CocoaPods installation.\" >&2\n    exit 1\nfi\n# This output is used by Xcode 'outputs' to avoid re-running this script phase.\necho \"SUCCESS\" > \"${SCRIPT_OUTPUT_FILE_0}\"\n";
			showEnvVarsInLog = 0;
		};
		F52B1D23AD50A1942181AC7B /* [CP] Embed Pods Frameworks */ = {
			isa = PBXShellScriptBuildPhase;
			buildActionMask = 2147483647;
			files = (
			);
			inputFileListPaths = (
				"${PODS_ROOT}/Target Support Files/Pods-ToggleDev2/Pods-ToggleDev2-frameworks-${CONFIGURATION}-input-files.xcfilelist",
			);
			name = "[CP] Embed Pods Frameworks";
			outputFileListPaths = (
				"${PODS_ROOT}/Target Support Files/Pods-ToggleDev2/Pods-ToggleDev2-frameworks-${CONFIGURATION}-output-files.xcfilelist",
			);
			runOnlyForDeploymentPostprocessing = 0;
			shellPath = /bin/sh;
			shellScript = "\"${PODS_ROOT}/Target Support Files/Pods-ToggleDev2/Pods-ToggleDev2-frameworks.sh\"\n";
			showEnvVarsInLog = 0;
		};
/* End PBXShellScriptBuildPhase section */

/* Begin PBXSourcesBuildPhase section */
		013096502593FE3E00720A8A /* Sources */ = {
			isa = PBXSourcesBuildPhase;
			buildActionMask = 2147483647;
			files = (
				01236ED72595ECF300B162C7 /* customImageView.swift in Sources */,
				0130965C2593FE3E00720A8A /* LoginVC.swift in Sources */,
				01302660259720760096D62A /* PlayerControllerManager.swift in Sources */,
				01236ED22595D23A00B162C7 /* HomeFeedVC.swift in Sources */,
				0130262D2596B6130096D62A /* MainFeedTableViewCell.swift in Sources */,
				01F5F971259A7F5D00871E16 /* OGComment.swift in Sources */,
				23D79DDE259B175E00EB0DFF /* currentSessionInfo.swift in Sources */,
				012FB3D825948E570076ECCA /* ConfirmationVC.swift in Sources */,
				013096AC25943AB500720A8A /* SignUpVC.swift in Sources */,
				018D7D4D259A92BD002F5E83 /* CommentsVC.swift in Sources */,
				01309674259413BA00720A8A /* customButtons.swift in Sources */,
				0130265F259720760096D62A /* PlayerController.swift in Sources */,
				0130967C259419F100720A8A /* CustomTextField.swift in Sources */,
				01302663259738B80096D62A /* ThumbnailManager.swift in Sources */,
				01F5F982259A887D00871E16 /* CommentTableViewCell.swift in Sources */,
				23D79DDA259B16C800EB0DFF /* SessionManager.swift in Sources */,
				013096582593FE3E00720A8A /* AppDelegate.swift in Sources */,
				013096622593FE3E00720A8A /* ToggleDev2.xcdatamodeld in Sources */,
				0130965A2593FE3E00720A8A /* SceneDelegate.swift in Sources */,
				013026342596D4770096D62A /* OGPost.swift in Sources */,
				23D79DEB259B280B00EB0DFF /* ImagePickerVC.swift in Sources */,
				99C61316E5174C6FAF42E251 /* AmplifyModels.swift in Sources */,
				23D79DE1259B179400EB0DFF /* listenToSessionUpdates.swift in Sources */,
				0C64924766AD452C8EBE78C4 /* Comment.swift in Sources */,
				1A84DF692E3B456DA23A5810 /* Comment+Schema.swift in Sources */,
				7F2BB7D4872545B2989EBD17 /* Post.swift in Sources */,
				9DA6BA2B243C48C9B4CE958E /* Post+Schema.swift in Sources */,
				23D79DE4259B17F100EB0DFF /* PasswordManagement.swift in Sources */,
			);
			runOnlyForDeploymentPostprocessing = 0;
		};
/* End PBXSourcesBuildPhase section */

/* Begin PBXVariantGroup section */
		0130965D2593FE3E00720A8A /* Main.storyboard */ = {
			isa = PBXVariantGroup;
			children = (
				0130965E2593FE3E00720A8A /* Base */,
			);
			name = Main.storyboard;
			sourceTree = "<group>";
		};
		013096652593FE3F00720A8A /* LaunchScreen.storyboard */ = {
			isa = PBXVariantGroup;
			children = (
				013096662593FE3F00720A8A /* Base */,
			);
			name = LaunchScreen.storyboard;
			sourceTree = "<group>";
		};
/* End PBXVariantGroup section */

/* Begin XCBuildConfiguration section */
		013096692593FE3F00720A8A /* Debug */ = {
			isa = XCBuildConfiguration;
			buildSettings = {
				ALWAYS_SEARCH_USER_PATHS = NO;
				CLANG_ANALYZER_NONNULL = YES;
				CLANG_ANALYZER_NUMBER_OBJECT_CONVERSION = YES_AGGRESSIVE;
				CLANG_CXX_LANGUAGE_STANDARD = "gnu++14";
				CLANG_CXX_LIBRARY = "libc++";
				CLANG_ENABLE_MODULES = YES;
				CLANG_ENABLE_OBJC_ARC = YES;
				CLANG_ENABLE_OBJC_WEAK = YES;
				CLANG_WARN_BLOCK_CAPTURE_AUTORELEASING = YES;
				CLANG_WARN_BOOL_CONVERSION = YES;
				CLANG_WARN_COMMA = YES;
				CLANG_WARN_CONSTANT_CONVERSION = YES;
				CLANG_WARN_DEPRECATED_OBJC_IMPLEMENTATIONS = YES;
				CLANG_WARN_DIRECT_OBJC_ISA_USAGE = YES_ERROR;
				CLANG_WARN_DOCUMENTATION_COMMENTS = YES;
				CLANG_WARN_EMPTY_BODY = YES;
				CLANG_WARN_ENUM_CONVERSION = YES;
				CLANG_WARN_INFINITE_RECURSION = YES;
				CLANG_WARN_INT_CONVERSION = YES;
				CLANG_WARN_NON_LITERAL_NULL_CONVERSION = YES;
				CLANG_WARN_OBJC_IMPLICIT_RETAIN_SELF = YES;
				CLANG_WARN_OBJC_LITERAL_CONVERSION = YES;
				CLANG_WARN_OBJC_ROOT_CLASS = YES_ERROR;
				CLANG_WARN_QUOTED_INCLUDE_IN_FRAMEWORK_HEADER = YES;
				CLANG_WARN_RANGE_LOOP_ANALYSIS = YES;
				CLANG_WARN_STRICT_PROTOTYPES = YES;
				CLANG_WARN_SUSPICIOUS_MOVE = YES;
				CLANG_WARN_UNGUARDED_AVAILABILITY = YES_AGGRESSIVE;
				CLANG_WARN_UNREACHABLE_CODE = YES;
				CLANG_WARN__DUPLICATE_METHOD_MATCH = YES;
				COPY_PHASE_STRIP = NO;
				DEBUG_INFORMATION_FORMAT = dwarf;
				ENABLE_STRICT_OBJC_MSGSEND = YES;
				ENABLE_TESTABILITY = YES;
				GCC_C_LANGUAGE_STANDARD = gnu11;
				GCC_DYNAMIC_NO_PIC = NO;
				GCC_NO_COMMON_BLOCKS = YES;
				GCC_OPTIMIZATION_LEVEL = 0;
				GCC_PREPROCESSOR_DEFINITIONS = (
					"DEBUG=1",
					"$(inherited)",
				);
				GCC_WARN_64_TO_32_BIT_CONVERSION = YES;
				GCC_WARN_ABOUT_RETURN_TYPE = YES_ERROR;
				GCC_WARN_UNDECLARED_SELECTOR = YES;
				GCC_WARN_UNINITIALIZED_AUTOS = YES_AGGRESSIVE;
				GCC_WARN_UNUSED_FUNCTION = YES;
				GCC_WARN_UNUSED_VARIABLE = YES;
				IPHONEOS_DEPLOYMENT_TARGET = 14.3;
				MTL_ENABLE_DEBUG_INFO = INCLUDE_SOURCE;
				MTL_FAST_MATH = YES;
				ONLY_ACTIVE_ARCH = YES;
				SDKROOT = iphoneos;
				SWIFT_ACTIVE_COMPILATION_CONDITIONS = DEBUG;
				SWIFT_OPTIMIZATION_LEVEL = "-Onone";
			};
			name = Debug;
		};
		0130966A2593FE3F00720A8A /* Release */ = {
			isa = XCBuildConfiguration;
			buildSettings = {
				ALWAYS_SEARCH_USER_PATHS = NO;
				CLANG_ANALYZER_NONNULL = YES;
				CLANG_ANALYZER_NUMBER_OBJECT_CONVERSION = YES_AGGRESSIVE;
				CLANG_CXX_LANGUAGE_STANDARD = "gnu++14";
				CLANG_CXX_LIBRARY = "libc++";
				CLANG_ENABLE_MODULES = YES;
				CLANG_ENABLE_OBJC_ARC = YES;
				CLANG_ENABLE_OBJC_WEAK = YES;
				CLANG_WARN_BLOCK_CAPTURE_AUTORELEASING = YES;
				CLANG_WARN_BOOL_CONVERSION = YES;
				CLANG_WARN_COMMA = YES;
				CLANG_WARN_CONSTANT_CONVERSION = YES;
				CLANG_WARN_DEPRECATED_OBJC_IMPLEMENTATIONS = YES;
				CLANG_WARN_DIRECT_OBJC_ISA_USAGE = YES_ERROR;
				CLANG_WARN_DOCUMENTATION_COMMENTS = YES;
				CLANG_WARN_EMPTY_BODY = YES;
				CLANG_WARN_ENUM_CONVERSION = YES;
				CLANG_WARN_INFINITE_RECURSION = YES;
				CLANG_WARN_INT_CONVERSION = YES;
				CLANG_WARN_NON_LITERAL_NULL_CONVERSION = YES;
				CLANG_WARN_OBJC_IMPLICIT_RETAIN_SELF = YES;
				CLANG_WARN_OBJC_LITERAL_CONVERSION = YES;
				CLANG_WARN_OBJC_ROOT_CLASS = YES_ERROR;
				CLANG_WARN_QUOTED_INCLUDE_IN_FRAMEWORK_HEADER = YES;
				CLANG_WARN_RANGE_LOOP_ANALYSIS = YES;
				CLANG_WARN_STRICT_PROTOTYPES = YES;
				CLANG_WARN_SUSPICIOUS_MOVE = YES;
				CLANG_WARN_UNGUARDED_AVAILABILITY = YES_AGGRESSIVE;
				CLANG_WARN_UNREACHABLE_CODE = YES;
				CLANG_WARN__DUPLICATE_METHOD_MATCH = YES;
				COPY_PHASE_STRIP = NO;
				DEBUG_INFORMATION_FORMAT = "dwarf-with-dsym";
				ENABLE_NS_ASSERTIONS = NO;
				ENABLE_STRICT_OBJC_MSGSEND = YES;
				GCC_C_LANGUAGE_STANDARD = gnu11;
				GCC_NO_COMMON_BLOCKS = YES;
				GCC_WARN_64_TO_32_BIT_CONVERSION = YES;
				GCC_WARN_ABOUT_RETURN_TYPE = YES_ERROR;
				GCC_WARN_UNDECLARED_SELECTOR = YES;
				GCC_WARN_UNINITIALIZED_AUTOS = YES_AGGRESSIVE;
				GCC_WARN_UNUSED_FUNCTION = YES;
				GCC_WARN_UNUSED_VARIABLE = YES;
				IPHONEOS_DEPLOYMENT_TARGET = 14.3;
				MTL_ENABLE_DEBUG_INFO = NO;
				MTL_FAST_MATH = YES;
				SDKROOT = iphoneos;
				SWIFT_COMPILATION_MODE = wholemodule;
				SWIFT_OPTIMIZATION_LEVEL = "-O";
				VALIDATE_PRODUCT = YES;
			};
			name = Release;
		};
		0130966C2593FE3F00720A8A /* Debug */ = {
			isa = XCBuildConfiguration;
			baseConfigurationReference = 9F2DCEE82F5149FF1BF9D655 /* Pods-ToggleDev2.debug.xcconfig */;
			buildSettings = {
				ASSETCATALOG_COMPILER_APPICON_NAME = AppIcon;
				ASSETCATALOG_COMPILER_GLOBAL_ACCENT_COLOR_NAME = AccentColor;
				CODE_SIGN_STYLE = Automatic;
				DEVELOPMENT_TEAM = AVX68LDY76;
				INFOPLIST_FILE = ToggleDev2/Info.plist;
				IPHONEOS_DEPLOYMENT_TARGET = 14.0;
				LD_RUNPATH_SEARCH_PATHS = (
					"$(inherited)",
					"@executable_path/Frameworks",
				);
				PRODUCT_BUNDLE_IDENTIFIER = com.wrafei.ToggleDev2;
				PRODUCT_NAME = "$(TARGET_NAME)";
				SWIFT_VERSION = 5.0;
				TARGETED_DEVICE_FAMILY = "1,2";
			};
			name = Debug;
		};
		0130966D2593FE3F00720A8A /* Release */ = {
			isa = XCBuildConfiguration;
			baseConfigurationReference = 9DFB2A84BCC8555BE662DA9A /* Pods-ToggleDev2.release.xcconfig */;
			buildSettings = {
				ASSETCATALOG_COMPILER_APPICON_NAME = AppIcon;
				ASSETCATALOG_COMPILER_GLOBAL_ACCENT_COLOR_NAME = AccentColor;
				CODE_SIGN_STYLE = Automatic;
				DEVELOPMENT_TEAM = AVX68LDY76;
				INFOPLIST_FILE = ToggleDev2/Info.plist;
				IPHONEOS_DEPLOYMENT_TARGET = 14.0;
				LD_RUNPATH_SEARCH_PATHS = (
					"$(inherited)",
					"@executable_path/Frameworks",
				);
				PRODUCT_BUNDLE_IDENTIFIER = com.wrafei.ToggleDev2;
				PRODUCT_NAME = "$(TARGET_NAME)";
				SWIFT_VERSION = 5.0;
				TARGETED_DEVICE_FAMILY = "1,2";
			};
			name = Release;
		};
/* End XCBuildConfiguration section */

/* Begin XCConfigurationList section */
		0130964F2593FE3E00720A8A /* Build configuration list for PBXProject "ToggleDev2" */ = {
			isa = XCConfigurationList;
			buildConfigurations = (
				013096692593FE3F00720A8A /* Debug */,
				0130966A2593FE3F00720A8A /* Release */,
			);
			defaultConfigurationIsVisible = 0;
			defaultConfigurationName = Release;
		};
		0130966B2593FE3F00720A8A /* Build configuration list for PBXNativeTarget "ToggleDev2" */ = {
			isa = XCConfigurationList;
			buildConfigurations = (
				0130966C2593FE3F00720A8A /* Debug */,
				0130966D2593FE3F00720A8A /* Release */,
			);
			defaultConfigurationIsVisible = 0;
			defaultConfigurationName = Release;
		};
/* End XCConfigurationList section */

/* Begin XCVersionGroup section */
		013096602593FE3E00720A8A /* ToggleDev2.xcdatamodeld */ = {
			isa = XCVersionGroup;
			children = (
				013096612593FE3E00720A8A /* ToggleDev2.xcdatamodel */,
			);
			currentVersion = 013096612593FE3E00720A8A /* ToggleDev2.xcdatamodel */;
			path = ToggleDev2.xcdatamodeld;
			sourceTree = "<group>";
			versionGroupType = wrapper.xcdatamodel;
		};
/* End XCVersionGroup section */
	};
	rootObject = 0130964C2593FE3E00720A8A /* Project object */;
}
